<?xml version="1.0" encoding="utf-8"?>
<Project ToolsVersion="4.0" xmlns="http://schemas.microsoft.com/developer/msbuild/2003">
  <ItemGroup>
    <Filter Include="源文件">
      <UniqueIdentifier>{4FC737F1-C7A5-4376-A066-2A32D752A2F9}</UniqueIdentifier>
      <Extensions>cpp;c;cc;cxx;c++;cppm;ixx;def;odl;idl;hpj;bat;asm;asmx</Extensions>
    </Filter>
    <Filter Include="头文件">
      <UniqueIdentifier>{93995381-89BD-4b04-88EB-625FBE52EBFB}</UniqueIdentifier>
      <Extensions>h;hh;hpp;hxx;h++;hm;inl;inc;ipp;xsd</Extensions>
    </Filter>
    <Filter Include="资源文件">
      <UniqueIdentifier>{67DF6AB6-F800-4c08-8B7A-83BB121AAD01}</UniqueIdentifier>
      <Extensions>rc;ico;cur;bmp;dlg;rc2;rct;bin;rgs;gif;jpg;jpeg;jpe;resx;tiff;tif;png;wav;mfcribbon-ms</Extensions>
    </Filter>
  </ItemGroup>
  <ItemGroup>
    <ClInclude Include="src\lib\program_spawn.h">
      <Filter>头文件</Filter>
    </ClInclude>
    <ClInclude Include="src\lib\resource_blockaligner.h">
      <Filter>资源文件</Filter>
    </ClInclude>
    <ClInclude Include="src\lib\libblockaligner.hpp">
      <Filter>头文件</Filter>
    </ClInclude>
    <ClInclude Include="src\lib\libfile_v2.hpp">
      <Filter>头文件</Filter>
    </ClInclude>
    <ClInclude Include="src\lib\ext_prog_call.hpp">
      <Filter>头文件</Filter>
    </ClInclude>
    <ClInclude Include="src\external\kseq\kseq.h">
      <Filter>头文件</Filter>
    </ClInclude>
    <ClInclude Include="src\lib\gaps.hpp">
      <Filter>头文件</Filter>
    </ClInclude>
    <ClInclude Include="src\lib\seqio.hpp">
      <Filter>头文件</Filter>
    </ClInclude>
    <ClInclude Include="src\lib\irreg_part.hpp">
      <Filter>头文件</Filter>
    </ClInclude>
    <ClInclude Include="src\lib\version.h">
      <Filter>头文件</Filter>
    </ClInclude>
    <ClInclude Include="src\lib\ext_prog_config.hpp">
      <Filter>头文件</Filter>
    </ClInclude>
    <ClInclude Include="src\include\json.hpp">
      <Filter>头文件</Filter>
    </ClInclude>
    <ClInclude Include="src\lib\parblockaligner.hpp">
      <Filter>头文件</Filter>
    </ClInclude>
  </ItemGroup>
  <ItemGroup>
    <ClCompile Include="src\block_dispatch.cpp">
      <Filter>源文件</Filter>
    </ClCompile>
    <ClCompile Include="src\lib\libblockaligner.cpp">
      <Filter>源文件</Filter>
    </ClCompile>
    <ClCompile Include="src\lib\libfile_v2.cpp">
      <Filter>源文件</Filter>
    </ClCompile>
    <ClCompile Include="src\lib\ext_prog_call.cpp">
      <Filter>源文件</Filter>
    </ClCompile>
    <ClCompile Include="src\lib\program_spawn.c">
      <Filter>源文件</Filter>
    </ClCompile>
    <ClCompile Include="src\lib\gaps.cpp">
      <Filter>源文件</Filter>
    </ClCompile>
    <ClCompile Include="src\lib\seqio.cpp">
      <Filter>源文件</Filter>
    </ClCompile>
    <ClCompile Include="src\lib\irreg_part.cpp">
      <Filter>源文件</Filter>
    </ClCompile>
    <ClCompile Include="src\lib\ext_prog_config.cpp">
      <Filter>源文件</Filter>
    </ClCompile>
    <ClCompile Include="src\lib\parblockaligner.cpp">
      <Filter>源文件</Filter>
    </ClCompile>
  </ItemGroup>
  <ItemGroup>
    <ResourceCompile Include="src\lib\blockaligner.rc">
      <Filter>资源文件</Filter>
    </ResourceCompile>
  </ItemGroup>
</Project>