
Microsoft Visual Studio Solution File, Format Version 12.00
# Visual Studio Version 17
VisualStudioVersion = 17.3.32901.215
MinimumVisualStudioVersion = 10.0.40219.1
Project("{8BC9CEB8-8B4A-11D0-8D11-00A0C91BC942}") = "samemalign_main", "samemalign_main.vcxproj", "{3025937F-9266-48F2-B58D-AE4D2DBAE5F4}"
EndProject
Project("{8BC9CEB8-8B4A-11D0-8D11-00A0C91BC942}") = "block_dispatch", "block_dispatch.vcxproj", "{008507D7-52E1-D46A-D9F0-9722B1DBE1F4}"
EndProject
Project("{8BC9CEB8-8B4A-11D0-8D11-00A0C91BC942}") = "profilealign", "src\external\subwmsa\profilealign.vcxproj", "{E718F259-FB0A-EADE-DC41-A8DC8DF74DF6}"
EndProject
Project("{8BC9CEB8-8B4A-11D0-8D11-00A0C91BC942}") = "common_lib", "src\external\subwmsa\common_lib.vcxproj", "{716ACE2B-16D8-4A15-8D4C-B4C652ABEA30}"
EndProject
Project("{8BC9CEB8-8B4A-11D0-8D11-00A0C91BC942}") = "fragalign", "src\external\subwmsa\fragalign.vcxproj", "{62CC7636-7779-454C-9316-12416BD79C5C}"
EndProject
Project("{8BC9CEB8-8B4A-11D0-8D11-00A0C91BC942}") = "pthread_dll", "src\external\subwmsa\pthread-win32\windows\VS2022\pthread.2022.vcxproj", "{5D459BA0-5EEB-47D3-A1C4-6B55C8D37EC0}"
EndProject
Project("{2150E333-8FDC-42A3-9474-1A3956D46DE8}") = "extensions_subwmsa", "extensions_subwmsa", "{C642189E-34EE-436B-B9CC-8DD3D69B0EEB}"
EndProject
Project("{8BC9CEB8-8B4A-11D0-8D11-00A0C91BC942}") = "getopt", "src\include\getopt9\src\getopt.vcxproj", "{A2169BC8-CF99-40BF-83F3-B0E38F7067BD}"
EndProject
Project("{8BC9CEB8-8B4A-11D0-8D11-00A0C91BC942}") = "SSW_Library_Cpp", "src\external\ssw\SSW_Library_Cpp.vcxproj", "{57FC2CE8-0290-4BA2-B11A-6C2A341BB7C6}"
EndProject
Project("{8BC9CEB8-8B4A-11D0-8D11-00A0C91BC942}") = "profile_two_align", "src\external\subwmsa\profile_two_align.vcxproj", "{E718F259-FB0A-EADE-DC41-A8DC8DF74DF7}"
EndProject
Project("{8BC9CEB8-8B4A-11D0-8D11-00A0C91BC942}") = "common_lib_single", "src\external\subwmsa\common_lib_single.vcxproj", "{716ACE2B-16D8-4A15-8D4C-B4C652ABEA31}"
EndProject
Project("{2150E333-8FDC-42A3-9474-1A3956D46DE8}") = "Main_Program", "Main_Program", "{4A71610C-C943-46C4-818F-88A0D3FEC850}"
EndProject
Project("{2150E333-8FDC-42A3-9474-1A3956D46DE8}") = "component", "component", "{593D75D7-B721-4C39-A8F4-919285FFF390}"
EndProject
Project("{8BC9CEB8-8B4A-11D0-8D11-00A0C91BC942}") = "seq_remove_char", "seq_remove_char.vcxproj", "{530942F4-A028-412C-8532-CA44EE0F19E9}"
EndProject
Project("{2150E333-8FDC-42A3-9474-1A3956D46DE8}") = "extensions_abpoa", "extensions_abpoa", "{4448307D-3C25-4810-B314-9D32109E76BF}"
EndProject
Project("{8BC9CEB8-8B4A-11D0-8D11-00A0C91BC942}") = "abPOA", "src\external\abpoa\abPOA.vcxproj", "{824A11D7-BE30-4803-B58B-8E6EFC14FDF0}"
EndProject
Project("{8BC9CEB8-8B4A-11D0-8D11-00A0C91BC942}") = "lib_abPOA", "src\external\abpoa\lib_abPOA.vcxproj", "{A193F522-5FE5-4012-BEEA-ACFC6BE9FC72}"
EndProject
Project("{8BC9CEB8-8B4A-11D0-8D11-00A0C91BC942}") = "abPOA_profile", "src\external\abpoa\abPOA_profile.vcxproj", "{B0559055-ABBA-4035-B384-3DFCBE335E68}"
EndProject
Project("{8BC9CEB8-8B4A-11D0-8D11-00A0C91BC942}") = "getopt", "src\external\abpoa\include\getopt9\src\getopt.vcxproj", "{4D80DC7C-5103-4929-AD73-47C44C307AD1}"
EndProject
Project("{8BC9CEB8-8B4A-11D0-8D11-00A0C91BC942}") = "SplitMEM", "src\external\splitmem\splitmem.vcxproj", "{AB8FFC92-2B6C-4E80-2384-81ACD6405832}"
EndProject
Project("{2150E333-8FDC-42A3-9474-1A3956D46DE8}") = "SplitMEM", "SplitMEM", "{0B85F7EC-DDB3-4541-9394-01DB44AA4773}"
EndProject
Project("{8BC9CEB8-8B4A-11D0-8D11-00A0C91BC942}") = "getopt", "src\external\splitmem\include\getopt9\src\getopt.vcxproj", "{888ED88A-94F4-4649-9521-D5BC940551F6}"
EndProject
Project("{8BC9CEB8-8B4A-11D0-8D11-00A0C91BC942}") = "libdivsufort64", "src\external\splitmem\include\sdsl\libdivsufsort64.dll.vcxproj", "{03190FC6-818A-4484-B92C-6245F1BE2C45}"
EndProject
Project("{8BC9CEB8-8B4A-11D0-8D11-00A0C91BC942}") = "libdivsufort", "src\external\splitmem\include\sdsl\libdivsufsort.dll.vcxproj", "{AB8FFC92-2B6C-4E80-8782-81AC36405832}"
EndProject
Project("{8BC9CEB8-8B4A-11D0-8D11-00A0C91BC942}") = "libpardivsufsort", "src\external\splitmem\include\sdsl\libpardivsufsort.vcxproj", "{8815AA6E-5B8A-4AF1-9271-BE6540D75CD3}"
EndProject
Project("{8BC9CEB8-8B4A-11D0-8D11-00A0C91BC942}") = "libprange.dll", "src\external\splitmem\include\sdsl\libprange.dll.vcxproj", "{AB8FFC92-2B6C-4E80-8782-81ACD64058C2}"
EndProject
Project("{8BC9CEB8-8B4A-11D0-8D11-00A0C91BC942}") = "libsdsl", "src\external\splitmem\include\sdsl\libsdsl.dll.vcxproj", "{AB8FFC92-2B6C-4E80-8782-81ACD6405832}"
EndProject
Global
	GlobalSection(SolutionConfigurationPlatforms) = preSolution
		Debug|x64 = Debug|x64
		Debug|x86 = Debug|x86
		Release|x64 = Release|x64
		Release|x86 = Release|x86
	EndGlobalSection
	GlobalSection(ProjectConfigurationPlatforms) = postSolution
		{3025937F-9266-48F2-B58D-AE4D2DBAE5F4}.Debug|x64.ActiveCfg = Debug|x64
		{3025937F-9266-48F2-B58D-AE4D2DBAE5F4}.Debug|x64.Build.0 = Debug|x64
		{3025937F-9266-48F2-B58D-AE4D2DBAE5F4}.Debug|x86.ActiveCfg = Debug|Win32
		{3025937F-9266-48F2-B58D-AE4D2DBAE5F4}.Debug|x86.Build.0 = Debug|Win32
		{3025937F-9266-48F2-B58D-AE4D2DBAE5F4}.Release|x64.ActiveCfg = Release|x64
		{3025937F-9266-48F2-B58D-AE4D2DBAE5F4}.Release|x64.Build.0 = Release|x64
		{3025937F-9266-48F2-B58D-AE4D2DBAE5F4}.Release|x86.ActiveCfg = Release|Win32
		{3025937F-9266-48F2-B58D-AE4D2DBAE5F4}.Release|x86.Build.0 = Release|Win32
		{008507D7-52E1-D46A-D9F0-9722B1DBE1F4}.Debug|x64.ActiveCfg = Debug|x64
		{008507D7-52E1-D46A-D9F0-9722B1DBE1F4}.Debug|x64.Build.0 = Debug|x64
		{008507D7-52E1-D46A-D9F0-9722B1DBE1F4}.Debug|x86.ActiveCfg = Debug|Win32
		{008507D7-52E1-D46A-D9F0-9722B1DBE1F4}.Debug|x86.Build.0 = Debug|Win32
		{008507D7-52E1-D46A-D9F0-9722B1DBE1F4}.Release|x64.ActiveCfg = Release|x64
		{008507D7-52E1-D46A-D9F0-9722B1DBE1F4}.Release|x64.Build.0 = Release|x64
		{008507D7-52E1-D46A-D9F0-9722B1DBE1F4}.Release|x86.ActiveCfg = Release|Win32
		{008507D7-52E1-D46A-D9F0-9722B1DBE1F4}.Release|x86.Build.0 = Release|Win32
		{E718F259-FB0A-EADE-DC41-A8DC8DF74DF6}.Debug|x64.ActiveCfg = Release|x64
		{E718F259-FB0A-EADE-DC41-A8DC8DF74DF6}.Debug|x64.Build.0 = Release|x64
		{E718F259-FB0A-EADE-DC41-A8DC8DF74DF6}.Debug|x86.ActiveCfg = Debug|Win32
		{E718F259-FB0A-EADE-DC41-A8DC8DF74DF6}.Debug|x86.Build.0 = Debug|Win32
		{E718F259-FB0A-EADE-DC41-A8DC8DF74DF6}.Release|x64.ActiveCfg = Release|x64
		{E718F259-FB0A-EADE-DC41-A8DC8DF74DF6}.Release|x64.Build.0 = Release|x64
		{E718F259-FB0A-EADE-DC41-A8DC8DF74DF6}.Release|x86.ActiveCfg = Release|Win32
		{E718F259-FB0A-EADE-DC41-A8DC8DF74DF6}.Release|x86.Build.0 = Release|Win32
		{716ACE2B-16D8-4A15-8D4C-B4C652ABEA30}.Debug|x64.ActiveCfg = Release|x64
		{716ACE2B-16D8-4A15-8D4C-B4C652ABEA30}.Debug|x64.Build.0 = Release|x64
		{716ACE2B-16D8-4A15-8D4C-B4C652ABEA30}.Debug|x86.ActiveCfg = Debug|Win32
		{716ACE2B-16D8-4A15-8D4C-B4C652ABEA30}.Debug|x86.Build.0 = Debug|Win32
		{716ACE2B-16D8-4A15-8D4C-B4C652ABEA30}.Release|x64.ActiveCfg = Release|x64
		{716ACE2B-16D8-4A15-8D4C-B4C652ABEA30}.Release|x64.Build.0 = Release|x64
		{716ACE2B-16D8-4A15-8D4C-B4C652ABEA30}.Release|x86.ActiveCfg = Release|Win32
		{716ACE2B-16D8-4A15-8D4C-B4C652ABEA30}.Release|x86.Build.0 = Release|Win32
		{62CC7636-7779-454C-9316-12416BD79C5C}.Debug|x64.ActiveCfg = Release|x64
		{62CC7636-7779-454C-9316-12416BD79C5C}.Debug|x64.Build.0 = Release|x64
		{62CC7636-7779-454C-9316-12416BD79C5C}.Debug|x86.ActiveCfg = Debug|Win32
		{62CC7636-7779-454C-9316-12416BD79C5C}.Debug|x86.Build.0 = Debug|Win32
		{62CC7636-7779-454C-9316-12416BD79C5C}.Release|x64.ActiveCfg = Release|x64
		{62CC7636-7779-454C-9316-12416BD79C5C}.Release|x64.Build.0 = Release|x64
		{62CC7636-7779-454C-9316-12416BD79C5C}.Release|x86.ActiveCfg = Release|Win32
		{62CC7636-7779-454C-9316-12416BD79C5C}.Release|x86.Build.0 = Release|Win32
		{5D459BA0-5EEB-47D3-A1C4-6B55C8D37EC0}.Debug|x64.ActiveCfg = Release|x64
		{5D459BA0-5EEB-47D3-A1C4-6B55C8D37EC0}.Debug|x64.Build.0 = Release|x64
		{5D459BA0-5EEB-47D3-A1C4-6B55C8D37EC0}.Debug|x86.ActiveCfg = Debug|Win32
		{5D459BA0-5EEB-47D3-A1C4-6B55C8D37EC0}.Debug|x86.Build.0 = Debug|Win32
		{5D459BA0-5EEB-47D3-A1C4-6B55C8D37EC0}.Release|x64.ActiveCfg = Release|x64
		{5D459BA0-5EEB-47D3-A1C4-6B55C8D37EC0}.Release|x64.Build.0 = Release|x64
		{5D459BA0-5EEB-47D3-A1C4-6B55C8D37EC0}.Release|x86.ActiveCfg = Release|Win32
		{5D459BA0-5EEB-47D3-A1C4-6B55C8D37EC0}.Release|x86.Build.0 = Release|Win32
		{A2169BC8-CF99-40BF-83F3-B0E38F7067BD}.Debug|x64.ActiveCfg = Debug|x64
		{A2169BC8-CF99-40BF-83F3-B0E38F7067BD}.Debug|x64.Build.0 = Debug|x64
		{A2169BC8-CF99-40BF-83F3-B0E38F7067BD}.Debug|x86.ActiveCfg = Debug|Win32
		{A2169BC8-CF99-40BF-83F3-B0E38F7067BD}.Debug|x86.Build.0 = Debug|Win32
		{A2169BC8-CF99-40BF-83F3-B0E38F7067BD}.Release|x64.ActiveCfg = Release|x64
		{A2169BC8-CF99-40BF-83F3-B0E38F7067BD}.Release|x64.Build.0 = Release|x64
		{A2169BC8-CF99-40BF-83F3-B0E38F7067BD}.Release|x86.ActiveCfg = Release|Win32
		{A2169BC8-CF99-40BF-83F3-B0E38F7067BD}.Release|x86.Build.0 = Release|Win32
		{57FC2CE8-0290-4BA2-B11A-6C2A341BB7C6}.Debug|x64.ActiveCfg = Release|x64
		{57FC2CE8-0290-4BA2-B11A-6C2A341BB7C6}.Debug|x64.Build.0 = Release|x64
		{57FC2CE8-0290-4BA2-B11A-6C2A341BB7C6}.Debug|x86.ActiveCfg = Debug|Win32
		{57FC2CE8-0290-4BA2-B11A-6C2A341BB7C6}.Debug|x86.Build.0 = Debug|Win32
		{57FC2CE8-0290-4BA2-B11A-6C2A341BB7C6}.Release|x64.ActiveCfg = Release|x64
		{57FC2CE8-0290-4BA2-B11A-6C2A341BB7C6}.Release|x64.Build.0 = Release|x64
		{57FC2CE8-0290-4BA2-B11A-6C2A341BB7C6}.Release|x86.ActiveCfg = Release|Win32
		{57FC2CE8-0290-4BA2-B11A-6C2A341BB7C6}.Release|x86.Build.0 = Release|Win32
		{E718F259-FB0A-EADE-DC41-A8DC8DF74DF7}.Debug|x64.ActiveCfg = Release|x64
		{E718F259-FB0A-EADE-DC41-A8DC8DF74DF7}.Debug|x64.Build.0 = Release|x64
		{E718F259-FB0A-EADE-DC41-A8DC8DF74DF7}.Debug|x86.ActiveCfg = Debug|Win32
		{E718F259-FB0A-EADE-DC41-A8DC8DF74DF7}.Debug|x86.Build.0 = Debug|Win32
		{E718F259-FB0A-EADE-DC41-A8DC8DF74DF7}.Release|x64.ActiveCfg = Release|x64
		{E718F259-FB0A-EADE-DC41-A8DC8DF74DF7}.Release|x64.Build.0 = Release|x64
		{E718F259-FB0A-EADE-DC41-A8DC8DF74DF7}.Release|x86.ActiveCfg = Release|Win32
		{E718F259-FB0A-EADE-DC41-A8DC8DF74DF7}.Release|x86.Build.0 = Release|Win32
		{716ACE2B-16D8-4A15-8D4C-B4C652ABEA31}.Debug|x64.ActiveCfg = Release|x64
		{716ACE2B-16D8-4A15-8D4C-B4C652ABEA31}.Debug|x64.Build.0 = Release|x64
		{716ACE2B-16D8-4A15-8D4C-B4C652ABEA31}.Debug|x86.ActiveCfg = Debug|Win32
		{716ACE2B-16D8-4A15-8D4C-B4C652ABEA31}.Debug|x86.Build.0 = Debug|Win32
		{716ACE2B-16D8-4A15-8D4C-B4C652ABEA31}.Release|x64.ActiveCfg = Release|x64
		{716ACE2B-16D8-4A15-8D4C-B4C652ABEA31}.Release|x64.Build.0 = Release|x64
		{716ACE2B-16D8-4A15-8D4C-B4C652ABEA31}.Release|x86.ActiveCfg = Release|Win32
		{716ACE2B-16D8-4A15-8D4C-B4C652ABEA31}.Release|x86.Build.0 = Release|Win32
		{530942F4-A028-412C-8532-CA44EE0F19E9}.Debug|x64.ActiveCfg = Debug|x64
		{530942F4-A028-412C-8532-CA44EE0F19E9}.Debug|x64.Build.0 = Debug|x64
		{530942F4-A028-412C-8532-CA44EE0F19E9}.Debug|x86.ActiveCfg = Debug|Win32
		{530942F4-A028-412C-8532-CA44EE0F19E9}.Debug|x86.Build.0 = Debug|Win32
		{530942F4-A028-412C-8532-CA44EE0F19E9}.Release|x64.ActiveCfg = Release|x64
		{530942F4-A028-412C-8532-CA44EE0F19E9}.Release|x64.Build.0 = Release|x64
		{530942F4-A028-412C-8532-CA44EE0F19E9}.Release|x86.ActiveCfg = Release|Win32
		{530942F4-A028-412C-8532-CA44EE0F19E9}.Release|x86.Build.0 = Release|Win32
		{824A11D7-BE30-4803-B58B-8E6EFC14FDF0}.Debug|x64.ActiveCfg = Release|x64
		{824A11D7-BE30-4803-B58B-8E6EFC14FDF0}.Debug|x64.Build.0 = Release|x64
		{824A11D7-BE30-4803-B58B-8E6EFC14FDF0}.Debug|x86.ActiveCfg = Debug|Win32
		{824A11D7-BE30-4803-B58B-8E6EFC14FDF0}.Debug|x86.Build.0 = Debug|Win32
		{824A11D7-BE30-4803-B58B-8E6EFC14FDF0}.Release|x64.ActiveCfg = Release|x64
		{824A11D7-BE30-4803-B58B-8E6EFC14FDF0}.Release|x64.Build.0 = Release|x64
		{824A11D7-BE30-4803-B58B-8E6EFC14FDF0}.Release|x86.ActiveCfg = Release|Win32
		{824A11D7-BE30-4803-B58B-8E6EFC14FDF0}.Release|x86.Build.0 = Release|Win32
		{A193F522-5FE5-4012-BEEA-ACFC6BE9FC72}.Debug|x64.ActiveCfg = Release|x64
		{A193F522-5FE5-4012-BEEA-ACFC6BE9FC72}.Debug|x64.Build.0 = Release|x64
		{A193F522-5FE5-4012-BEEA-ACFC6BE9FC72}.Debug|x86.ActiveCfg = Debug|Win32
		{A193F522-5FE5-4012-BEEA-ACFC6BE9FC72}.Debug|x86.Build.0 = Debug|Win32
		{A193F522-5FE5-4012-BEEA-ACFC6BE9FC72}.Release|x64.ActiveCfg = Release|x64
		{A193F522-5FE5-4012-BEEA-ACFC6BE9FC72}.Release|x64.Build.0 = Release|x64
		{A193F522-5FE5-4012-BEEA-ACFC6BE9FC72}.Release|x86.ActiveCfg = Release|Win32
		{A193F522-5FE5-4012-BEEA-ACFC6BE9FC72}.Release|x86.Build.0 = Release|Win32
		{B0559055-ABBA-4035-B384-3DFCBE335E68}.Debug|x64.ActiveCfg = Release|x64
		{B0559055-ABBA-4035-B384-3DFCBE335E68}.Debug|x64.Build.0 = Release|x64
		{B0559055-ABBA-4035-B384-3DFCBE335E68}.Debug|x86.ActiveCfg = Debug|Win32
		{B0559055-ABBA-4035-B384-3DFCBE335E68}.Debug|x86.Build.0 = Debug|Win32
		{B0559055-ABBA-4035-B384-3DFCBE335E68}.Release|x64.ActiveCfg = Release|x64
		{B0559055-ABBA-4035-B384-3DFCBE335E68}.Release|x64.Build.0 = Release|x64
		{B0559055-ABBA-4035-B384-3DFCBE335E68}.Release|x86.ActiveCfg = Release|Win32
		{B0559055-ABBA-4035-B384-3DFCBE335E68}.Release|x86.Build.0 = Release|Win32
		{4D80DC7C-5103-4929-AD73-47C44C307AD1}.Debug|x64.ActiveCfg = Release|x64
		{4D80DC7C-5103-4929-AD73-47C44C307AD1}.Debug|x64.Build.0 = Release|x64
		{4D80DC7C-5103-4929-AD73-47C44C307AD1}.Debug|x86.ActiveCfg = Debug|Win32
		{4D80DC7C-5103-4929-AD73-47C44C307AD1}.Debug|x86.Build.0 = Debug|Win32
		{4D80DC7C-5103-4929-AD73-47C44C307AD1}.Release|x64.ActiveCfg = Release|x64
		{4D80DC7C-5103-4929-AD73-47C44C307AD1}.Release|x64.Build.0 = Release|x64
		{4D80DC7C-5103-4929-AD73-47C44C307AD1}.Release|x86.ActiveCfg = Release|Win32
		{4D80DC7C-5103-4929-AD73-47C44C307AD1}.Release|x86.Build.0 = Release|Win32
		{AB8FFC92-2B6C-4E80-2384-81ACD6405832}.Debug|x64.ActiveCfg = Debug|x64
		{AB8FFC92-2B6C-4E80-2384-81ACD6405832}.Debug|x64.Build.0 = Debug|x64
		{AB8FFC92-2B6C-4E80-2384-81ACD6405832}.Debug|x86.ActiveCfg = Debug|Win32
		{AB8FFC92-2B6C-4E80-2384-81ACD6405832}.Debug|x86.Build.0 = Debug|Win32
		{AB8FFC92-2B6C-4E80-2384-81ACD6405832}.Release|x64.ActiveCfg = Release|x64
		{AB8FFC92-2B6C-4E80-2384-81ACD6405832}.Release|x64.Build.0 = Release|x64
		{AB8FFC92-2B6C-4E80-2384-81ACD6405832}.Release|x86.ActiveCfg = Release|Win32
		{AB8FFC92-2B6C-4E80-2384-81ACD6405832}.Release|x86.Build.0 = Release|Win32
		{888ED88A-94F4-4649-9521-D5BC940551F6}.Debug|x64.ActiveCfg = Debug|x64
		{888ED88A-94F4-4649-9521-D5BC940551F6}.Debug|x64.Build.0 = Debug|x64
		{888ED88A-94F4-4649-9521-D5BC940551F6}.Debug|x86.ActiveCfg = Debug|Win32
		{888ED88A-94F4-4649-9521-D5BC940551F6}.Debug|x86.Build.0 = Debug|Win32
		{888ED88A-94F4-4649-9521-D5BC940551F6}.Release|x64.ActiveCfg = Release|x64
		{888ED88A-94F4-4649-9521-D5BC940551F6}.Release|x64.Build.0 = Release|x64
		{888ED88A-94F4-4649-9521-D5BC940551F6}.Release|x86.ActiveCfg = Release|Win32
		{888ED88A-94F4-4649-9521-D5BC940551F6}.Release|x86.Build.0 = Release|Win32
		{03190FC6-818A-4484-B92C-6245F1BE2C45}.Debug|x64.ActiveCfg = Debug|x64
		{03190FC6-818A-4484-B92C-6245F1BE2C45}.Debug|x64.Build.0 = Debug|x64
		{03190FC6-818A-4484-B92C-6245F1BE2C45}.Debug|x86.ActiveCfg = Debug|Win32
		{03190FC6-818A-4484-B92C-6245F1BE2C45}.Debug|x86.Build.0 = Debug|Win32
		{03190FC6-818A-4484-B92C-6245F1BE2C45}.Release|x64.ActiveCfg = Release|x64
		{03190FC6-818A-4484-B92C-6245F1BE2C45}.Release|x64.Build.0 = Release|x64
		{03190FC6-818A-4484-B92C-6245F1BE2C45}.Release|x86.ActiveCfg = Release|Win32
		{03190FC6-818A-4484-B92C-6245F1BE2C45}.Release|x86.Build.0 = Release|Win32
		{AB8FFC92-2B6C-4E80-8782-81AC36405832}.Debug|x64.ActiveCfg = Debug|x64
		{AB8FFC92-2B6C-4E80-8782-81AC36405832}.Debug|x64.Build.0 = Debug|x64
		{AB8FFC92-2B6C-4E80-8782-81AC36405832}.Debug|x86.ActiveCfg = Debug|Win32
		{AB8FFC92-2B6C-4E80-8782-81AC36405832}.Debug|x86.Build.0 = Debug|Win32
		{AB8FFC92-2B6C-4E80-8782-81AC36405832}.Release|x64.ActiveCfg = Release|x64
		{AB8FFC92-2B6C-4E80-8782-81AC36405832}.Release|x64.Build.0 = Release|x64
		{AB8FFC92-2B6C-4E80-8782-81AC36405832}.Release|x86.ActiveCfg = Release|Win32
		{AB8FFC92-2B6C-4E80-8782-81AC36405832}.Release|x86.Build.0 = Release|Win32
		{8815AA6E-5B8A-4AF1-9271-BE6540D75CD3}.Debug|x64.ActiveCfg = Debug|x64
		{8815AA6E-5B8A-4AF1-9271-BE6540D75CD3}.Debug|x64.Build.0 = Debug|x64
		{8815AA6E-5B8A-4AF1-9271-BE6540D75CD3}.Debug|x86.ActiveCfg = Debug|Win32
		{8815AA6E-5B8A-4AF1-9271-BE6540D75CD3}.Debug|x86.Build.0 = Debug|Win32
		{8815AA6E-5B8A-4AF1-9271-BE6540D75CD3}.Release|x64.ActiveCfg = Release|x64
		{8815AA6E-5B8A-4AF1-9271-BE6540D75CD3}.Release|x64.Build.0 = Release|x64
		{8815AA6E-5B8A-4AF1-9271-BE6540D75CD3}.Release|x86.ActiveCfg = Release|Win32
		{8815AA6E-5B8A-4AF1-9271-BE6540D75CD3}.Release|x86.Build.0 = Release|Win32
		{AB8FFC92-2B6C-4E80-8782-81ACD64058C2}.Debug|x64.ActiveCfg = Debug|x64
		{AB8FFC92-2B6C-4E80-8782-81ACD64058C2}.Debug|x64.Build.0 = Debug|x64
		{AB8FFC92-2B6C-4E80-8782-81ACD64058C2}.Debug|x86.ActiveCfg = Debug|Win32
		{AB8FFC92-2B6C-4E80-8782-81ACD64058C2}.Debug|x86.Build.0 = Debug|Win32
		{AB8FFC92-2B6C-4E80-8782-81ACD64058C2}.Release|x64.ActiveCfg = Release|x64
		{AB8FFC92-2B6C-4E80-8782-81ACD64058C2}.Release|x64.Build.0 = Release|x64
		{AB8FFC92-2B6C-4E80-8782-81ACD64058C2}.Release|x86.ActiveCfg = Release|Win32
		{AB8FFC92-2B6C-4E80-8782-81ACD64058C2}.Release|x86.Build.0 = Release|Win32
		{AB8FFC92-2B6C-4E80-8782-81ACD6405832}.Debug|x64.ActiveCfg = Debug|x64
		{AB8FFC92-2B6C-4E80-8782-81ACD6405832}.Debug|x64.Build.0 = Debug|x64
		{AB8FFC92-2B6C-4E80-8782-81ACD6405832}.Debug|x86.ActiveCfg = Debug|Win32
		{AB8FFC92-2B6C-4E80-8782-81ACD6405832}.Debug|x86.Build.0 = Debug|Win32
		{AB8FFC92-2B6C-4E80-8782-81ACD6405832}.Release|x64.ActiveCfg = Release|x64
		{AB8FFC92-2B6C-4E80-8782-81ACD6405832}.Release|x64.Build.0 = Release|x64
		{AB8FFC92-2B6C-4E80-8782-81ACD6405832}.Release|x86.ActiveCfg = Release|Win32
		{AB8FFC92-2B6C-4E80-8782-81ACD6405832}.Release|x86.Build.0 = Release|Win32
	EndGlobalSection
	GlobalSection(SolutionProperties) = preSolution
		HideSolutionNode = FALSE
	EndGlobalSection
	GlobalSection(NestedProjects) = preSolution
		{3025937F-9266-48F2-B58D-AE4D2DBAE5F4} = {4A71610C-C943-46C4-818F-88A0D3FEC850}
		{008507D7-52E1-D46A-D9F0-9722B1DBE1F4} = {4A71610C-C943-46C4-818F-88A0D3FEC850}
		{E718F259-FB0A-EADE-DC41-A8DC8DF74DF6} = {C642189E-34EE-436B-B9CC-8DD3D69B0EEB}
		{716ACE2B-16D8-4A15-8D4C-B4C652ABEA30} = {C642189E-34EE-436B-B9CC-8DD3D69B0EEB}
		{62CC7636-7779-454C-9316-12416BD79C5C} = {C642189E-34EE-436B-B9CC-8DD3D69B0EEB}
		{5D459BA0-5EEB-47D3-A1C4-6B55C8D37EC0} = {C642189E-34EE-436B-B9CC-8DD3D69B0EEB}
		{A2169BC8-CF99-40BF-83F3-B0E38F7067BD} = {593D75D7-B721-4C39-A8F4-919285FFF390}
		{57FC2CE8-0290-4BA2-B11A-6C2A341BB7C6} = {593D75D7-B721-4C39-A8F4-919285FFF390}
		{E718F259-FB0A-EADE-DC41-A8DC8DF74DF7} = {C642189E-34EE-436B-B9CC-8DD3D69B0EEB}
		{716ACE2B-16D8-4A15-8D4C-B4C652ABEA31} = {C642189E-34EE-436B-B9CC-8DD3D69B0EEB}
		{593D75D7-B721-4C39-A8F4-919285FFF390} = {4A71610C-C943-46C4-818F-88A0D3FEC850}
		{530942F4-A028-412C-8532-CA44EE0F19E9} = {4A71610C-C943-46C4-818F-88A0D3FEC850}
		{824A11D7-BE30-4803-B58B-8E6EFC14FDF0} = {4448307D-3C25-4810-B314-9D32109E76BF}
		{A193F522-5FE5-4012-BEEA-ACFC6BE9FC72} = {4448307D-3C25-4810-B314-9D32109E76BF}
		{B0559055-ABBA-4035-B384-3DFCBE335E68} = {4448307D-3C25-4810-B314-9D32109E76BF}
		{4D80DC7C-5103-4929-AD73-47C44C307AD1} = {4448307D-3C25-4810-B314-9D32109E76BF}
		{AB8FFC92-2B6C-4E80-2384-81ACD6405832} = {0B85F7EC-DDB3-4541-9394-01DB44AA4773}
		{0B85F7EC-DDB3-4541-9394-01DB44AA4773} = {4A71610C-C943-46C4-818F-88A0D3FEC850}
		{888ED88A-94F4-4649-9521-D5BC940551F6} = {0B85F7EC-DDB3-4541-9394-01DB44AA4773}
		{03190FC6-818A-4484-B92C-6245F1BE2C45} = {0B85F7EC-DDB3-4541-9394-01DB44AA4773}
		{AB8FFC92-2B6C-4E80-8782-81AC36405832} = {0B85F7EC-DDB3-4541-9394-01DB44AA4773}
		{8815AA6E-5B8A-4AF1-9271-BE6540D75CD3} = {0B85F7EC-DDB3-4541-9394-01DB44AA4773}
		{AB8FFC92-2B6C-4E80-8782-81ACD64058C2} = {0B85F7EC-DDB3-4541-9394-01DB44AA4773}
		{AB8FFC92-2B6C-4E80-8782-81ACD6405832} = {0B85F7EC-DDB3-4541-9394-01DB44AA4773}
	EndGlobalSection
	GlobalSection(ExtensibilityGlobals) = postSolution
		SolutionGuid = {31D74AC4-0CAF-4B89-842E-EA1840439EBF}
	EndGlobalSection
EndGlobal
